{
  "lockfileVersion": 1,
  "configVersion": 1,
  "workspaces": {
    "": {
      "name": "dsh-plugins",
      "devDependencies": {
        "@deepseek-ai/dsh-typert-protocol": "^0.1.0-rc.7",
      },
    },
    "packages/adaptive-perf": {
      "name": "@chaoset/adaptive-perf",
      "version": "0.7.0",
      "optionalDependencies": {
        "@deepseek-ai/dsh-fs-local": "^0.1.0-rc.7",
        "@deepseek-ai/dsh-terminal": "^0.1.0-rc.7",
        "@deepseek-ai/dsh-terminal-bash": "^0.1.0-rc.7",
        "@deepseek-ai/dsh-tool-bash-persistent": "^0.1.0-rc.7",
        "@deepseek-ai/dsh-tool-str-replace-editor": "^0.1.0-rc.7",
        "@deepseek-ai/dsh-typert-protocol": "^0.1.0-rc.7",
      },
    },
    "packages/sandbox-extra-roots": {
      "name": "@chaoset/sandbox-extra-roots",
      "version": "0.2.6",
      "dependencies": {
        "@deepseek-ai/dsh-sandbox": "^0.1.0-rc.7",
      },
      "optionalDependencies": {
        "@deepseek-ai/dsh-typert-protocol": "^0.1.0-rc.7",
        "@deepseek-ai/node-addon-landlock-run": "^0.1.1",
      },
    },
    "packages/session-archive": {
      "name": "@chaoset/session-archive",
      "version": "0.1.3",
      "optionalDependencies": {
        "@deepseek-ai/dsh-typert-protocol": "^0.1.0-rc.7",
      },
    },
    "packages/vision-router": {
      "name": "@chaoset/vision-router",
      "version": "0.5.0",
      "optionalDependencies": {
        "@deepseek-ai/dsh-typert-protocol": "^0.1.0-rc.7",
      },
    },
  },
  "packages": {
    "@chaoset/adaptive-perf": ["@chaoset/adaptive-perf@workspace:packages/adaptive-perf"],

    "@chaoset/sandbox-extra-roots": ["@chaoset/sandbox-extra-roots@workspace:packages/sandbox-extra-roots"],

    "@chaoset/session-archive": ["@chaoset/session-archive@workspace:packages/session-archive"],

    "@chaoset/vision-router": ["@chaoset/vision-router@workspace:packages/vision-router"],

    "@deepseek-ai/cordis": ["@deepseek-ai/cordis@4.0.1", "https://registry.npmmirror.com/@deepseek-ai/cordis/-/cordis-4.0.1.tgz", { "dependencies": { "@deepseek-ai/cosmokit": "^1.8.2", "@standard-schema/spec": "^1.1.0" }, "peerDependencies": { "@deepseek-ai/cordis-plugin-include": "^1.0.6", "@deepseek-ai/cordis-plugin-loader": "^1.0.2" }, "optionalPeers": ["@deepseek-ai/cordis-plugin-include", "@deepseek-ai/cordis-plugin-loader"], "bin": { "cordis": "bin.js" } }, "sha512-YBdskTU2Po1kru3GgcUWUbkTsPMA9LkSQDAY8rBkFJeajdgcQad3QPJZE26JyK99Xb6HaASvoXg2DSUTeN/0Nw=="],

    "@deepseek-ai/cosmokit": ["@deepseek-ai/cosmokit@1.8.2", "https://registry.npmmirror.com/@deepseek-ai/cosmokit/-/cosmokit-1.8.2.tgz", {}, "sha512-muBOKtSrUKU5m/xpq8ZXWL6hQ/jgd4PhU2PqH97bcxIiLEJfNwZOGQEx4t/aS/GgxRAR+ra9pMHPMtTHU4sqqA=="],

    "@deepseek-ai/dsh-agent": ["@deepseek-ai/dsh-agent@0.1.0-rc.7", "https://registry.npmmirror.com/@deepseek-ai/dsh-agent/-/dsh-agent-0.1.0-rc.7.tgz", { "peerDependencies": { "@deepseek-ai/cordis": "^4.0.1", "@deepseek-ai/dsh-invariants": "^0.1.0-rc.7", "@deepseek-ai/dsh-llm": "^0.1.0-rc.7", "@deepseek-ai/dsh-scope": "^0.1.0-rc.7", "@deepseek-ai/dsh-session": "^0.1.0-rc.7", "@deepseek-ai/dsh-system-prompt": "^0.1.0-rc.7", "@deepseek-ai/dsh-typert-protocol": "^0.1.0-rc.7" } }, "sha512-AqBQavJYgbCUUYBHP7OGCaw8WN5082NXYQOoOfNRO72bub3E+/nWkl8b4B7BAJdFfyLo9ce+Kgb1BCHSJU/JLg=="],

    "@deepseek-ai/dsh-attachment": ["@deepseek-ai/dsh-attachment@0.1.0-rc.7", "https://registry.npmmirror.com/@deepseek-ai/dsh-attachment/-/dsh-attachment-0.1.0-rc.7.tgz", { "peerDependencies": { "@deepseek-ai/cordis": "^4.0.1", "@deepseek-ai/dsh-brand": "^0.1.0-rc.7", "@deepseek-ai/dsh-invariants": "^0.1.0-rc.7" } }, "sha512-rsR/xVNOGIig8gXxhrKnkd6YD7aYliGtA/e7b4DlPawMpLhsItAh0HQ832n8LJn1aGZxKf68y9PRgzfljsveOQ=="],

    "@deepseek-ai/dsh-brand": ["@deepseek-ai/dsh-brand@0.1.0-rc.7", "https://registry.npmmirror.com/@deepseek-ai/dsh-brand/-/dsh-brand-0.1.0-rc.7.tgz", { "peerDependencies": { "@deepseek-ai/cordis": "^4.0.1", "@deepseek-ai/dsh-invariants": "^0.1.0-rc.7" } }, "sha512-P7+w0fN40yXXQkV360p6jQi63pcl68OOWebNGN5gf8w8sguvni2mA1cU8RLZzDkRNFSZD+BCw3D4uWYM+hhh7A=="],

    "@deepseek-ai/dsh-code-runtime": ["@deepseek-ai/dsh-code-runtime@0.1.0-rc.7", "https://registry.npmmirror.com/@deepseek-ai/dsh-code-runtime/-/dsh-code-runtime-0.1.0-rc.7.tgz", { "peerDependencies": { "@deepseek-ai/cordis": "^4.0.1", "@deepseek-ai/dsh-invariants": "^0.1.0-rc.7" } }, "sha512-vzW82eU4so0qJQ/XS7BGBUSguJMAgEOW3GaJJW0g+W5ysBJg+UC/Jjo1Np8mPjSpjjl4eoyXpshJzrwjoxCpRg=="],

    "@deepseek-ai/dsh-fs": ["@deepseek-ai/dsh-fs@0.1.0-rc.7", "https://registry.npmmirror.com/@deepseek-ai/dsh-fs/-/dsh-fs-0.1.0-rc.7.tgz", { "peerDependencies": { "@deepseek-ai/cordis": "^4.0.1", "@deepseek-ai/dsh-brand": "^0.1.0-rc.7", "@deepseek-ai/dsh-invariants": "^0.1.0-rc.7", "@deepseek-ai/dsh-llm": "^0.1.0-rc.7", "@deepseek-ai/dsh-sandbox": "^0.1.0-rc.7" } }, "sha512-l4jEcfjrV7hWTQo6sH0oXntg4pz1nVuDXRcprps6NhZ0/OOer/9SzUx7J9aLnLeX9XDtExXsFbxkXW5Js3ZFwg=="],

    "@deepseek-ai/dsh-fs-local": ["@deepseek-ai/dsh-fs-local@0.1.0-rc.7", "https://registry.npmmirror.com/@deepseek-ai/dsh-fs-local/-/dsh-fs-local-0.1.0-rc.7.tgz", { "dependencies": { "@deepseek-ai/schemastery": "^3.18.1", "koffi": "^3.1.0" }, "peerDependencies": { "@deepseek-ai/cordis": "^4.0.1", "@deepseek-ai/dsh-fs": "^0.1.0-rc.7", "@deepseek-ai/dsh-invariants": "^0.1.0-rc.7" } }, "sha512-gbiH8xBrBw/1iRM3MLwI9zlFqLRg+1d+hNs8Etdn240xjWPuFdv5Hjg+eu4V5I+lU3M/lZieahEUpwYRScGuVw=="],

    "@deepseek-ai/dsh-invariants": ["@deepseek-ai/dsh-invariants@0.1.0-rc.7", "https://registry.npmmirror.com/@deepseek-ai/dsh-invariants/-/dsh-invariants-0.1.0-rc.7.tgz", { "dependencies": { "@deepseek-ai/schemastery": "^3.18.1" }, "peerDependencies": { "@deepseek-ai/cordis": "^4.0.1" } }, "sha512-PnO1F4aZGUmqZPyuPJpBUfQ4DZmjCGCNGr0yuN2iURTP/e6h0kGnTNTYgR2NqMvAtpP66WNiHhvH2LMqumk1+A=="],

    "@deepseek-ai/dsh-llm": ["@deepseek-ai/dsh-llm@0.1.0-rc.7", "https://registry.npmmirror.com/@deepseek-ai/dsh-llm/-/dsh-llm-0.1.0-rc.7.tgz", { "dependencies": { "@deepseek-ai/schemastery": "^3.18.1" }, "peerDependencies": { "@deepseek-ai/cordis": "^4.0.1", "@deepseek-ai/dsh-attachment": "^0.1.0-rc.7", "@deepseek-ai/dsh-brand": "^0.1.0-rc.7", "@deepseek-ai/dsh-invariants": "^0.1.0-rc.7", "@deepseek-ai/dsh-timeout": "^0.1.0-rc.7" } }, "sha512-VaB9kQ8XOA+R5jtsWf92QMc1WpaatEAFUvQePGUYrzQ7Z86b9VhQQzmchh5VmknT4oRSSdn0re5tReCvfcYNXQ=="],

    "@deepseek-ai/dsh-sandbox": ["@deepseek-ai/dsh-sandbox@0.1.0-rc.7", "https://registry.npmmirror.com/@deepseek-ai/dsh-sandbox/-/dsh-sandbox-0.1.0-rc.7.tgz", { "peerDependencies": { "@deepseek-ai/cordis": "^4.0.1", "@deepseek-ai/dsh-invariants": "^0.1.0-rc.7", "@deepseek-ai/dsh-llm": "^0.1.0-rc.7", "@deepseek-ai/dsh-session": "^0.1.0-rc.7" } }, "sha512-he43z39/SC8cMzPDsoP7EEXiXKjav3VClj/U943pxycvRL78JGkNEQQjv21n5mnuto0ti/gFBquybSI4sBAFqA=="],

    "@deepseek-ai/dsh-sandbox-policy": ["@deepseek-ai/dsh-sandbox-policy@0.1.0-rc.7", "https://registry.npmmirror.com/@deepseek-ai/dsh-sandbox-policy/-/dsh-sandbox-policy-0.1.0-rc.7.tgz", { "dependencies": { "@deepseek-ai/schemastery": "^3.18.1" }, "peerDependencies": { "@deepseek-ai/cordis": "^4.0.1", "@deepseek-ai/dsh-agent": "^0.1.0-rc.7", "@deepseek-ai/dsh-invariants": "^0.1.0-rc.7", "@deepseek-ai/dsh-sandbox": "^0.1.0-rc.7", "@deepseek-ai/dsh-session": "^0.1.0-rc.7", "@deepseek-ai/dsh-system-prompt": "^0.1.0-rc.7" } }, "sha512-TnOy1SnnSNPVZyw9UFNwQ7eE2lGxQBU6kye7+aAwDbNvSnudCJDEnQJhjTvGewHWA6PYA0O60XERKcCQAnK+dw=="],

    "@deepseek-ai/dsh-scope": ["@deepseek-ai/dsh-scope@0.1.0-rc.7", "https://registry.npmmirror.com/@deepseek-ai/dsh-scope/-/dsh-scope-0.1.0-rc.7.tgz", { "peerDependencies": { "@deepseek-ai/cordis": "^4.0.1", "@deepseek-ai/dsh-invariants": "^0.1.0-rc.7" } }, "sha512-8gn+sANXhpv+9egbNwq49/uI3XhbmB33obo9yMyzyzruan3zFoxeH4UV54jTC2hjbu8gFNPsyNam9AAtRV8/Cg=="],

    "@deepseek-ai/dsh-session": ["@deepseek-ai/dsh-session@0.1.0-rc.7", "https://registry.npmmirror.com/@deepseek-ai/dsh-session/-/dsh-session-0.1.0-rc.7.tgz", { "peerDependencies": { "@deepseek-ai/cordis": "^4.0.1", "@deepseek-ai/dsh-brand": "^0.1.0-rc.7", "@deepseek-ai/dsh-invariants": "^0.1.0-rc.7", "@deepseek-ai/dsh-llm": "^0.1.0-rc.7", "@deepseek-ai/dsh-scope": "^0.1.0-rc.7", "@deepseek-ai/dsh-typert-protocol": "^0.1.0-rc.7" } }, "sha512-02WVTkqIH+TyDL7dhMN3Hm+qcTEdhD0fVDC0aIAyND2fBdXj3CagEXXvpmt3mzwWfKwOTGL1RdxtC6pMA4Bl1A=="],

    "@deepseek-ai/dsh-subprocess": ["@deepseek-ai/dsh-subprocess@0.1.0-rc.7", "https://registry.npmmirror.com/@deepseek-ai/dsh-subprocess/-/dsh-subprocess-0.1.0-rc.7.tgz", { "peerDependencies": { "@deepseek-ai/cordis": "^4.0.1", "@deepseek-ai/dsh-invariants": "^0.1.0-rc.7" } }, "sha512-xiHD61S2trIZ0CzhSMgXxZJVyJ2c76DkX4eqP3Of4mBEnm6C7g7FChII6uL0z5v1bnOnTmpHzwPX8YCwqb7dbg=="],

    "@deepseek-ai/dsh-system-prompt": ["@deepseek-ai/dsh-system-prompt@0.1.0-rc.7", "https://registry.npmmirror.com/@deepseek-ai/dsh-system-prompt/-/dsh-system-prompt-0.1.0-rc.7.tgz", { "dependencies": { "@deepseek-ai/schemastery": "^3.18.1" }, "peerDependencies": { "@deepseek-ai/cordis": "^4.0.1", "@deepseek-ai/dsh-invariants": "^0.1.0-rc.7", "@deepseek-ai/dsh-llm": "^0.1.0-rc.7", "@deepseek-ai/dsh-scope": "^0.1.0-rc.7" } }, "sha512-Rair2ZkzgoIIr+UstYVYeqeUgORNPIW1LNcsXz3Zjglx4FGjsmzs0UALdNYvSBpBvCLNmt4E6+XQIrBbS/s9jw=="],

    "@deepseek-ai/dsh-terminal": ["@deepseek-ai/dsh-terminal@0.1.0-rc.7", "https://registry.npmmirror.com/@deepseek-ai/dsh-terminal/-/dsh-terminal-0.1.0-rc.7.tgz", { "peerDependencies": { "@deepseek-ai/cordis": "^4.0.1", "@deepseek-ai/dsh-agent": "^0.1.0-rc.7", "@deepseek-ai/dsh-brand": "^0.1.0-rc.7", "@deepseek-ai/dsh-invariants": "^0.1.0-rc.7" } }, "sha512-B22qppmKWvw5Ez9eMKnppHiaMrikIcHmfmvyd296EspnhTBJAvXDnc9NggT0DUnSvm+2gh5ffohhMJel9A2pSA=="],

    "@deepseek-ai/dsh-terminal-bash": ["@deepseek-ai/dsh-terminal-bash@0.1.0-rc.7", "https://registry.npmmirror.com/@deepseek-ai/dsh-terminal-bash/-/dsh-terminal-bash-0.1.0-rc.7.tgz", { "dependencies": { "@deepseek-ai/schemastery": "^3.18.1" }, "peerDependencies": { "@deepseek-ai/cordis": "^4.0.1", "@deepseek-ai/dsh-agent": "^0.1.0-rc.7", "@deepseek-ai/dsh-invariants": "^0.1.0-rc.7", "@deepseek-ai/dsh-sandbox": "^0.1.0-rc.7", "@deepseek-ai/dsh-sandbox-policy": "^0.1.0-rc.7", "@deepseek-ai/dsh-session": "^0.1.0-rc.7", "@deepseek-ai/dsh-subprocess": "^0.1.0-rc.7", "@deepseek-ai/dsh-terminal": "^0.1.0-rc.7" } }, "sha512-2muS7xmy4olNEpGANp0ViK3/r4A4UlfQa5w24HJ2PrCy0J3qlk1vwHrpj30nAGK6sCaxbXmb8IjYUfNs7st7zw=="],

    "@deepseek-ai/dsh-timeout": ["@deepseek-ai/dsh-timeout@0.1.0-rc.7", "https://registry.npmmirror.com/@deepseek-ai/dsh-timeout/-/dsh-timeout-0.1.0-rc.7.tgz", { "peerDependencies": { "@deepseek-ai/cordis": "^4.0.1", "@deepseek-ai/dsh-invariants": "^0.1.0-rc.7" } }, "sha512-Ufl9G7zP7Tky/zkXscavEiolEfAwutfbPeLb5sUU/tPQlDykhh1NwGrarNJ11fdR723zmA/3co4LgxtDtWCOEQ=="],

    "@deepseek-ai/dsh-tool-bash-persistent": ["@deepseek-ai/dsh-tool-bash-persistent@0.1.0-rc.7", "https://registry.npmmirror.com/@deepseek-ai/dsh-tool-bash-persistent/-/dsh-tool-bash-persistent-0.1.0-rc.7.tgz", { "dependencies": { "@deepseek-ai/schemastery": "^3.18.1" }, "peerDependencies": { "@deepseek-ai/cordis": "^4.0.1", "@deepseek-ai/dsh-agent": "^0.1.0-rc.7", "@deepseek-ai/dsh-invariants": "^0.1.0-rc.7", "@deepseek-ai/dsh-terminal": "^0.1.0-rc.7", "@deepseek-ai/dsh-timeout": "^0.1.0-rc.7", "@deepseek-ai/dsh-tools": "^0.1.0-rc.7" } }, "sha512-5tMC1TuWiGDerYd0UuUUzRdmv+uy/22lXbxmmrmUfR8aACeK6T76yXorvuvJSDYjhPpLoUovz9XU5LqGm3D2Wg=="],

    "@deepseek-ai/dsh-tool-str-replace-editor": ["@deepseek-ai/dsh-tool-str-replace-editor@0.1.0-rc.7", "https://registry.npmmirror.com/@deepseek-ai/dsh-tool-str-replace-editor/-/dsh-tool-str-replace-editor-0.1.0-rc.7.tgz", { "dependencies": { "@deepseek-ai/schemastery": "^3.18.1" }, "peerDependencies": { "@deepseek-ai/cordis": "^4.0.1", "@deepseek-ai/dsh-fs": "^0.1.0-rc.7", "@deepseek-ai/dsh-invariants": "^0.1.0-rc.7", "@deepseek-ai/dsh-sandbox": "^0.1.0-rc.7", "@deepseek-ai/dsh-sandbox-policy": "^0.1.0-rc.7", "@deepseek-ai/dsh-tools": "^0.1.0-rc.7" } }, "sha512-p4GmCg5wC9uw9BaVK9W0hOnEnjGvhhRF234ClVnQMbHwzfgPbhc0eSYUNJQmouqxLAa4kVuiF0nVZvc3aftCeQ=="],

    "@deepseek-ai/dsh-tools": ["@deepseek-ai/dsh-tools@0.1.0-rc.7", "https://registry.npmmirror.com/@deepseek-ai/dsh-tools/-/dsh-tools-0.1.0-rc.7.tgz", { "dependencies": { "@deepseek-ai/schemastery": "^3.18.1" }, "peerDependencies": { "@deepseek-ai/cordis": "^4.0.1", "@deepseek-ai/dsh-agent": "^0.1.0-rc.7", "@deepseek-ai/dsh-code-runtime": "^0.1.0-rc.7", "@deepseek-ai/dsh-invariants": "^0.1.0-rc.7", "@deepseek-ai/dsh-llm": "^0.1.0-rc.7", "@deepseek-ai/dsh-scope": "^0.1.0-rc.7", "@deepseek-ai/dsh-session": "^0.1.0-rc.7", "@deepseek-ai/dsh-system-prompt": "^0.1.0-rc.7", "@deepseek-ai/dsh-user-approval": "^0.1.0-rc.7" } }, "sha512-7Kq3EEv354aNcxbS0NRfxxyJiZhCsvFV/03a3MdkYO/gG2eM9+E4xQum0N2FL5bw7JiGlgw8jdLMkcNGmavEaA=="],

    "@deepseek-ai/dsh-typert-protocol": ["@deepseek-ai/dsh-typert-protocol@0.1.0-rc.7", "https://registry.npmmirror.com/@deepseek-ai/dsh-typert-protocol/-/dsh-typert-protocol-0.1.0-rc.7.tgz", { "peerDependencies": { "@deepseek-ai/cordis": "^4.0.1", "@deepseek-ai/dsh-invariants": "^0.1.0-rc.7" } }, "sha512-R7qdvaRRHbz5xijoVOxueeBB/VT0eDzuQNQN4iNEBUbI/L9xG9bZutktTQlgrIlBSn1sPH4pLqiCiM6ErQPTaQ=="],

    "@deepseek-ai/dsh-user-approval": ["@deepseek-ai/dsh-user-approval@0.1.0-rc.7", "https://registry.npmmirror.com/@deepseek-ai/dsh-user-approval/-/dsh-user-approval-0.1.0-rc.7.tgz", { "dependencies": { "@deepseek-ai/schemastery": "^3.18.1" }, "peerDependencies": { "@deepseek-ai/cordis": "^4.0.1", "@deepseek-ai/dsh-agent": "^0.1.0-rc.7", "@deepseek-ai/dsh-brand": "^0.1.0-rc.7", "@deepseek-ai/dsh-invariants": "^0.1.0-rc.7", "@deepseek-ai/dsh-llm": "^0.1.0-rc.7", "@deepseek-ai/dsh-scope": "^0.1.0-rc.7", "@deepseek-ai/dsh-session": "^0.1.0-rc.7", "@deepseek-ai/dsh-system-prompt": "^0.1.0-rc.7" } }, "sha512-kYMpU6eg1m1BcfSC4FLWUcNH/QAE8tcu0WRkQzqzoCw8bK/Nl3dqHtd2qSVzI/emIviTulM5I230e4wPi/kuVg=="],

    "@deepseek-ai/node-addon-landlock-run": ["@deepseek-ai/node-addon-landlock-run@0.1.1", "https://registry.npmmirror.com/@deepseek-ai/node-addon-landlock-run/-/node-addon-landlock-run-0.1.1.tgz", { "optionalDependencies": { "@deepseek-ai/node-addon-landlock-run-linux-arm64": "0.1.1", "@deepseek-ai/node-addon-landlock-run-linux-x64": "0.1.1" } }, "sha512-aHGhlQJEutfobKM/4K59SERbT7RmQdD2oMKzD8Bne/Ps7TeT8AweCN+dpdfuxQhMNbFcJMymrgPnID0WYQ30Tw=="],

    "@deepseek-ai/node-addon-landlock-run-linux-arm64": ["@deepseek-ai/node-addon-landlock-run-linux-arm64@0.1.1", "https://registry.npmmirror.com/@deepseek-ai/node-addon-landlock-run-linux-arm64/-/node-addon-landlock-run-linux-arm64-0.1.1.tgz", { "os": "linux", "cpu": "arm64" }, "sha512-lYY2RbcPW4rGRM5hVJbrXlvLqyBxeJBjBqvt+QTHTU+GtfUVVjTODKa4e3CRwMQoCEpOjoARdQBHbN7HvE72WQ=="],

    "@deepseek-ai/node-addon-landlock-run-linux-x64": ["@deepseek-ai/node-addon-landlock-run-linux-x64@0.1.1", "https://registry.npmmirror.com/@deepseek-ai/node-addon-landlock-run-linux-x64/-/node-addon-landlock-run-linux-x64-0.1.1.tgz", { "os": "linux", "cpu": "x64" }, "sha512-OHAzPW2Coe/iYobAJAAA8CeVrBoKV4BnNHsgwvXwOfishxkUVSWSvdyxrZPiwYRXutpIGVrSo9zV3WOQy2euBA=="],

    "@deepseek-ai/schemastery": ["@deepseek-ai/schemastery@3.18.1", "https://registry.npmmirror.com/@deepseek-ai/schemastery/-/schemastery-3.18.1.tgz", { "dependencies": { "@deepseek-ai/cosmokit": "^1.8.2", "@standard-schema/spec": "^1.1.0" } }, "sha512-Qn0FCSwCQnpnj6SB31I6i2sIKgKWnkbJM8O0EU91Gv2UsYVvtZTl6IA0sCwk2e2MZf5S8w5hpq9QkeVvK9qwxg=="],

    "@koromix/koffi-darwin-arm64": ["@koromix/koffi-darwin-arm64@3.1.5", "https://registry.npmmirror.com/@koromix/koffi-darwin-arm64/-/koffi-darwin-arm64-3.1.5.tgz", { "os": "darwin", "cpu": "arm64" }, "sha512-IpqITl2fJi3QN9bTtNnygWPdK7ScSjw3xtGu8e6feYGvimCysu+spgI5KyeslY2jTnqxGS9xr8pLAbLhGJ8edA=="],

    "@koromix/koffi-darwin-x64": ["@koromix/koffi-darwin-x64@3.1.5", "https://registry.npmmirror.com/@koromix/koffi-darwin-x64/-/koffi-darwin-x64-3.1.5.tgz", { "os": "darwin", "cpu": "x64" }, "sha512-4Tia4BS5EV/+vN9eIrdToanVe+U/2VqTZCBgOzoUbPKjgky51eqM+3J4qdRUvmYJohcJNPob5/hsxeItUZrl1g=="],

    "@koromix/koffi-freebsd-arm64": ["@koromix/koffi-freebsd-arm64@3.1.5", "https://registry.npmmirror.com/@koromix/koffi-freebsd-arm64/-/koffi-freebsd-arm64-3.1.5.tgz", { "os": "freebsd", "cpu": "arm64" }, "sha512-bP94uzseFO79NG3flpU3WxfyvltD+jzC/kN8FDZLi8J0VUZNW1Wmu8yq87KEzjX1qT9KyX4Y+elVbGqHXHTv2Q=="],

    "@koromix/koffi-freebsd-ia32": ["@koromix/koffi-freebsd-ia32@3.1.5", "https://registry.npmmirror.com/@koromix/koffi-freebsd-ia32/-/koffi-freebsd-ia32-3.1.5.tgz", { "os": "freebsd", "cpu": "ia32" }, "sha512-raFXXAPHzvCQWhaoMUF+Cc2ZWgg2UBU0RVoowHZhaw9nQYPC1pERcPRH+JA+SNIN6g4d2GFW6uPFc+QbUhsagA=="],

    "@koromix/koffi-freebsd-x64": ["@koromix/koffi-freebsd-x64@3.1.5", "https://registry.npmmirror.com/@koromix/koffi-freebsd-x64/-/koffi-freebsd-x64-3.1.5.tgz", { "os": "freebsd", "cpu": "x64" }, "sha512-h6RyBZmPMBIDWTABkJIhzDdYwSnYAJvTacHpEjbT55Arkmw1H15Rl7CFtXuEuBrqh+uivoCrRgA6vszl9CsJ9g=="],

    "@koromix/koffi-linux-arm64": ["@koromix/koffi-linux-arm64@3.1.5", "https://registry.npmmirror.com/@koromix/koffi-linux-arm64/-/koffi-linux-arm64-3.1.5.tgz", { "os": "linux", "cpu": "arm64" }, "sha512-u0vCmKPu4yQDhl/ri1J6U3vDnvYtYjoZaIWb+oMbRXhVZeiqdE53MGPb+q2A7Dj2n9IbYloAfEICQbL6l0pmiQ=="],

    "@koromix/koffi-linux-ia32": ["@koromix/koffi-linux-ia32@3.1.5", "https://registry.npmmirror.com/@koromix/koffi-linux-ia32/-/koffi-linux-ia32-3.1.5.tgz", { "os": "linux", "cpu": "ia32" }, "sha512-Xa5JbumWglwPVZgrJcLhqyC1wCWlfm7+C00p3FuOTNGp0qoYuf2/tOoAh0/q7+taVm30cMopu/6lRHwdmF6I/w=="],

    "@koromix/koffi-linux-loong64": ["@koromix/koffi-linux-loong64@3.1.5", "https://registry.npmmirror.com/@koromix/koffi-linux-loong64/-/koffi-linux-loong64-3.1.5.tgz", { "os": "linux", "cpu": "none" }, "sha512-F3i2CeTcqVBUQiSRUBSEzX1VgtXmLLiZb/ouZtXHkWpTLhJNd9TH7s3CizTofci0VRqlKdexGUYhK5vzPDAAHA=="],

    "@koromix/koffi-linux-riscv64": ["@koromix/koffi-linux-riscv64@3.1.5", "https://registry.npmmirror.com/@koromix/koffi-linux-riscv64/-/koffi-linux-riscv64-3.1.5.tgz", { "os": "linux", "cpu": "none" }, "sha512-2TgQuzy+4PfDg+rw3kOmN6lywEWdzKT3eaLPbOp0b/9DaN7CLBJ/QIR5GhGsMNpeI30zU0YzFeYFxoVoJ/LqFw=="],

    "@koromix/koffi-linux-x64": ["@koromix/koffi-linux-x64@3.1.5", "https://registry.npmmirror.com/@koromix/koffi-linux-x64/-/koffi-linux-x64-3.1.5.tgz", { "os": "linux", "cpu": "x64" }, "sha512-2yaIg/1V0m4CiAUMzG4CIlWmq1WJ+QBMlFfaGr9su+OH5fuIqC7V3BbMiB03IwIl1VofIZO5JA4Db4lID8tpbw=="],

    "@koromix/koffi-openbsd-ia32": ["@koromix/koffi-openbsd-ia32@3.1.5", "https://registry.npmmirror.com/@koromix/koffi-openbsd-ia32/-/koffi-openbsd-ia32-3.1.5.tgz", { "os": "openbsd", "cpu": "ia32" }, "sha512-8/OXd+u9omMooykhvdJPEP7u6FFzzrrFo9gOmSHc9/DPt3XkVYOtSsE97PDk6zYaAzwIYHSKjHvIXsfFwFc7sg=="],

    "@koromix/koffi-openbsd-x64": ["@koromix/koffi-openbsd-x64@3.1.5", "https://registry.npmmirror.com/@koromix/koffi-openbsd-x64/-/koffi-openbsd-x64-3.1.5.tgz", { "os": "openbsd", "cpu": "x64" }, "sha512-SpeqldKkuDk2aTj5PVWumy7eq6Tr2GtBPAOI1NiDHhg8xe433KraxrA9V9UjEd+1+kSGJQGR04nQByN3MPA9PQ=="],

    "@koromix/koffi-win32-arm64": ["@koromix/koffi-win32-arm64@3.1.5", "https://registry.npmmirror.com/@koromix/koffi-win32-arm64/-/koffi-win32-arm64-3.1.5.tgz", { "os": "win32", "cpu": "arm64" }, "sha512-uej3YAEKAhlfVPoIo5sOwtxhTLRVJ01LgtWrKGpnnAQU3C+Ilmaxdh+Oc2xc1G3NK30N5eCVJpyO9r3pjKC6Vw=="],

    "@koromix/koffi-win32-ia32": ["@koromix/koffi-win32-ia32@3.1.5", "https://registry.npmmirror.com/@koromix/koffi-win32-ia32/-/koffi-win32-ia32-3.1.5.tgz", { "os": "win32", "cpu": "ia32" }, "sha512-d42jv2f4PwtJGNJS19Xfn/BRtGsBNNVkw0O0K5tkIGI+yNq4MnPTSUsaGbDIkCLNsCgk/LFqAaE8BExyCdrujA=="],

    "@koromix/koffi-win32-x64": ["@koromix/koffi-win32-x64@3.1.5", "https://registry.npmmirror.com/@koromix/koffi-win32-x64/-/koffi-win32-x64-3.1.5.tgz", { "os": "win32", "cpu": "x64" }, "sha512-Pyo1WEHEP6Ek2NEn2pquwJzSPLOdY4vymoPSz0an1DgvFWSkOyBYYkGVoxL1ajfj5I1pPdXysYqixtVTzAtOfQ=="],

    "@standard-schema/spec": ["@standard-schema/spec@1.1.0", "https://registry.npmmirror.com/@standard-schema/spec/-/spec-1.1.0.tgz", {}, "sha512-l2aFy5jALhniG5HgqrD6jXLi/rUWrKvqN/qJx6yoJsgKhblVd+iqqU4RCXavm/jPityDo5TCvKMnpjKnOriy0w=="],

    "koffi": ["koffi@3.1.5", "https://registry.npmmirror.com/koffi/-/koffi-3.1.5.tgz", { "optionalDependencies": { "@koromix/koffi-darwin-arm64": "3.1.5", "@koromix/koffi-darwin-x64": "3.1.5", "@koromix/koffi-freebsd-arm64": "3.1.5", "@koromix/koffi-freebsd-ia32": "3.1.5", "@koromix/koffi-freebsd-x64": "3.1.5", "@koromix/koffi-linux-arm64": "3.1.5", "@koromix/koffi-linux-ia32": "3.1.5", "@koromix/koffi-linux-loong64": "3.1.5", "@koromix/koffi-linux-riscv64": "3.1.5", "@koromix/koffi-linux-x64": "3.1.5", "@koromix/koffi-openbsd-ia32": "3.1.5", "@koromix/koffi-openbsd-x64": "3.1.5", "@koromix/koffi-win32-arm64": "3.1.5", "@koromix/koffi-win32-ia32": "3.1.5", "@koromix/koffi-win32-x64": "3.1.5" } }, "sha512-XVwwrxg0Ca6IEUQF4YtGIU4XN0LSselFYpYvgfhh8wafCunhEEx5hPr7LZhp5QyeFA/LcRsKHTqncCdjWjWAlg=="],
  }
}
